{
    "_meta": {
        "hash": {
            "sha256": "0d957fb191bbd396036cf8ac8be12256ec8558bf688f296034ae0df188a4e586"
        },
        "pipfile-spec": 6,
        "requires": {
            "python_version": "3.9"
        },
        "sources": [
            {
                "name": "pypi",
                "url": "https://pypi.org/simple",
                "verify_ssl": true
            }
        ]
    },
    "default": {
        "imutils": {
            "hashes": [
                "sha256:03827a9fca8b5c540305c0844a62591cf35a0caec199cb0f2f0a4a0fb15d8f24"
            ],
            "index": "pypi",
            "version": "==0.5.4"
        },
        "numpy": {
            "hashes": [
                "sha256:1408c3527a74a0209c781ac82bde2182b0f0bf54dea6e6a363fe0cc4488a7ce7",
                "sha256:173f28921b15d341afadf6c3898a34f20a0569e4ad5435297ba262ee8941e77b",
                "sha256:1865fdf51446839ca3fffaab172461f2b781163f6f395f1aed256b1ddc253622",
                "sha256:3119daed207e9410eaf57dcf9591fdc68045f60483d94956bee0bfdcba790953",
                "sha256:35590b9c33c0f1c9732b3231bb6a72d1e4f77872390c47d50a615686ae7ed3fd",
                "sha256:37e5ebebb0eb54c5b4a9b04e6f3018e16b8ef257d26c8945925ba8105008e645",
                "sha256:37ece2bd095e9781a7156852e43d18044fd0d742934833335599c583618181b9",
                "sha256:3ab67966c8d45d55a2bdf40701536af6443763907086c0a6d1232688e27e5447",
                "sha256:47f10ab202fe4d8495ff484b5561c65dd59177949ca07975663f4494f7269e3e",
                "sha256:55df0f7483b822855af67e38fb3a526e787adf189383b4934305565d71c4b148",
                "sha256:5d732d17b8a9061540a10fda5bfeabca5785700ab5469a5e9b93aca5e2d3a5fb",
                "sha256:68b69f52e6545af010b76516f5daaef6173e73353e3295c5cb9f96c35d755641",
                "sha256:7e8229f3687cdadba2c4faef39204feb51ef7c1a9b669247d49a24f3e2e1617c",
                "sha256:8002574a6b46ac3b5739a003b5233376aeac5163e5dcd43dd7ad062f3e186129",
                "sha256:876f60de09734fbcb4e27a97c9a286b51284df1326b1ac5f1bf0ad3678236b22",
                "sha256:9ce242162015b7e88092dccd0e854548c0926b75c7924a3495e02c6067aba1f5",
                "sha256:a35c4e64dfca659fe4d0f1421fc0f05b8ed1ca8c46fb73d9e5a7f175f85696bb",
                "sha256:aeba539285dcf0a1ba755945865ec61240ede5432df41d6e29fab305f4384db2",
                "sha256:b15c3f1ed08df4980e02cc79ee058b788a3d0bef2fb3c9ca90bb8cbd5b8a3a04",
                "sha256:c2f91f88230042a130ceb1b496932aa717dcbd665350beb821534c5c7e15881c",
                "sha256:d748ef349bfef2e1194b59da37ed5a29c19ea8d7e6342019921ba2ba4fd8b624",
                "sha256:e0d7447679ae9a7124385ccf0ea990bb85bb869cef217e2ea6c844b6a6855073"
            ],
            "index": "pypi",
            "version": "==1.23.1"
        },
        "opencv-contrib-python": {
            "hashes": [
                "sha256:1dcdd0c68ae8495668f8a3360f7da5a24bc490320f21fc819bf60e197bf5bd7e",
                "sha256:243411366820ba73f185867d0d9f9b8d42296070068222d5e3e40ecdcbbb3b39",
                "sha256:256efeb263999f3fb2427095392c1cb442d655508cd0a42864a383d55f3e6d43",
                "sha256:658ee41d6026614c7d4398fe7144b181e543d011ea190a0b80ec7a7d74ac744d",
                "sha256:695911db4079216ffa5c3683885ccdfaba3059d279f9b96c14f9b8ec05570820",
                "sha256:a338e1fb67fb25b30634cb34cd79328d4431f838964cfd7689f254012dd98ed9",
                "sha256:d72fca3b0fb412cee3829cd5a2d30558953a6c378afccee3f4646daa9b12ab33"
            ],
            "index": "pypi",
            "version": "==4.6.0.66"
        },
        "opencv-python": {
            "hashes": [
                "sha256:0dc82a3d8630c099d2f3ac1b1aabee164e8188db54a786abb7a4e27eba309440",
                "sha256:5af8ba35a4fcb8913ffb86e92403e9a656a4bff4a645d196987468f0f8947875",
                "sha256:6e32af22e3202748bd233ed8f538741876191863882eba44e332d1a34993165b",
                "sha256:c5bfae41ad4031e66bb10ec4a0a2ffd3e514d092652781e8b1ac98d1b59f1158",
                "sha256:dbdc84a9b4ea2cbae33861652d25093944b9959279200b7ae0badd32439f74de",
                "sha256:e6e448b62afc95c5b58f97e87ef84699e6607fe5c58730a03301c52496005cae",
                "sha256:f482e78de6e7b0b060ff994ffd859bddc3f7f382bb2019ef157b0ea8ca8712f5"
            ],
            "index": "pypi",
            "version": "==4.6.0.66"
        },
        "pywin32": {
            "hashes": [
                "sha256:109f98980bfb27e78f4df8a51a8198e10b0f347257d1e265bb1a32993d0c973d",
                "sha256:13362cc5aa93c2beaf489c9c9017c793722aeb56d3e5166dadd5ef82da021fe1",
                "sha256:19ca459cd2e66c0e2cc9a09d589f71d827f26d47fe4a9d09175f6aa0256b51c2",
                "sha256:326f42ab4cfff56e77e3e595aeaf6c216712bbdd91e464d167c6434b28d65990",
                "sha256:421f6cd86e84bbb696d54563c48014b12a23ef95a14e0bdba526be756d89f116",
                "sha256:48d8b1659284f3c17b68587af047d110d8c44837736b8932c034091683e05863",
                "sha256:4ecd404b2c6eceaca52f8b2e3e91b2187850a1ad3f8b746d0796a98b4cea04db",
                "sha256:50768c6b7c3f0b38b7fb14dd4104da93ebced5f1a50dc0e834594bff6fbe1271",
                "sha256:56d7a9c6e1a6835f521788f53b5af7912090674bb84ef5611663ee1595860fc7",
                "sha256:73e819c6bed89f44ff1d690498c0a811948f73777e5f97c494c152b850fad478",
                "sha256:742eb905ce2187133a29365b428e6c3b9001d79accdc30aa8969afba1d8470f4",
                "sha256:9d968c677ac4d5cbdaa62fd3014ab241718e619d8e36ef8e11fb930515a1e918",
                "sha256:9dd98384da775afa009bc04863426cb30596fd78c6f8e4e2e5bbf4edf8029504",
                "sha256:a55db448124d1c1484df22fa8bbcbc45c64da5e6eae74ab095b9ea62e6d00496"
            ],
            "index": "pypi",
            "version": "==305"
        },
        "scipy": {
            "hashes": [
                "sha256:06d2e1b4c491dc7d8eacea139a1b0b295f74e1a1a0f704c375028f8320d16e31",
                "sha256:0d54222d7a3ba6022fdf5773931b5d7c56efe41ede7f7128c7b1637700409108",
                "sha256:1884b66a54887e21addf9c16fb588720a8309a57b2e258ae1c7986d4444d3bc0",
                "sha256:1a72d885fa44247f92743fc20732ae55564ff2a519e8302fb7e18717c5355a8b",
                "sha256:2318bef588acc7a574f5bfdff9c172d0b1bf2c8143d9582e05f878e580a3781e",
                "sha256:4db5b30849606a95dcf519763dd3ab6fe9bd91df49eba517359e450a7d80ce2e",
                "sha256:545c83ffb518094d8c9d83cce216c0c32f8c04aaf28b92cc8283eda0685162d5",
                "sha256:5a04cd7d0d3eff6ea4719371cbc44df31411862b9646db617c99718ff68d4840",
                "sha256:5b88e6d91ad9d59478fafe92a7c757d00c59e3bdc3331be8ada76a4f8d683f58",
                "sha256:68239b6aa6f9c593da8be1509a05cb7f9efe98b80f43a5861cd24c7557e98523",
                "sha256:83b89e9586c62e787f5012e8475fbb12185bafb996a03257e9675cd73d3736dd",
                "sha256:83c06e62a390a9167da60bedd4575a14c1f58ca9dfde59830fc42e5197283dab",
                "sha256:90453d2b93ea82a9f434e4e1cba043e779ff67b92f7a0e85d05d286a3625df3c",
                "sha256:abaf921531b5aeaafced90157db505e10345e45038c39e5d9b6c7922d68085cb",
                "sha256:b41bc822679ad1c9a5f023bc93f6d0543129ca0f37c1ce294dd9d386f0a21096",
                "sha256:c68db6b290cbd4049012990d7fe71a2abd9ffbe82c0056ebe0f01df8be5436b0",
                "sha256:cff3a5295234037e39500d35316a4c5794739433528310e117b8a9a0c76d20fc",
                "sha256:d01e1dd7b15bd2449c8bfc6b7cc67d630700ed655654f0dfcf121600bad205c9",
                "sha256:d644a64e174c16cb4b2e41dfea6af722053e83d066da7343f333a54dae9bc31c",
                "sha256:da8245491d73ed0a994ed9c2e380fd058ce2fa8a18da204681f2fe1f57f98f95",
                "sha256:fbc5c05c85c1a02be77b1ff591087c83bc44579c6d2bd9fb798bb64ea5e1a027"
            ],
            "index": "pypi",
            "version": "==1.9.3"
        }
    },
    "develop": {}
}
